# This file is automatically @generated by Cargo.
# It is not intended for manual editing.
version = 4

[[package]]
name = "flux"
version = "0.1.0"
dependencies = [
 "sorbet",
]

[[package]]
name = "sorbet"
version = "0.1.0"
source = "git+https://github.com/Thoq-jar/sorbet.git#8d246b68affcba3245869d12c3d995a7e76767cf"
