# This file is automatically @generated by Cargo.
# It is not intended for manual editing.
version = 4

[[package]]
name = "flux"
version = "0.1.0"
dependencies = [
 "sorbet",
]

[[package]]
name = "sorbet"
version = "1.0.0"
source = "git+https://github.com/Thoq-jar/sorbet.git#f852b517f33b0b8cdab420535bd50c5479160700"
